{
  "name": "token-dashboard",
  "lockfileVersion": 3,
  "requires": true,
  "packages": {
    "": {
      "name": "token-dashboard",
      "dependencies": {
        "sql.js": "^1.11"
      }
    },
    "node_modules/sql.js": {
      "version": "1.14.1",
      "resolved": "https://mirrors.cloud.tencent.com/npm/sql.js/-/sql.js-1.14.1.tgz",
      "integrity": "sha512-gcj8zBWU5cFsi9WUP+4bFNXAyF1iRpA3LLyS/DP5xlrNzGmPIizUeBggKa8DbDwdqaKwUcTEnChtd2grWo/x/A==",
      "license": "MIT"
    }
  }
}
